
Microsoft Visual Studio Solution File, Format Version 12.00
# Visual Studio Version 17
VisualStudioVersion = 17.4.33213.308
MinimumVisualStudioVersion = 10.0.40219.1
Project("{FAE04EC0-301F-11D3-BF4B-00C04F79EFBC}") = "classe vettori", "classe vettori\classe vettori.csproj", "{798C56C5-BFAE-4BF9-B421-C03D1907E632}"
EndProject
Global
	GlobalSection(SolutionConfigurationPlatforms) = preSolution
		Debug|Any CPU = Debug|Any CPU
		Release|Any CPU = Release|Any CPU
	EndGlobalSection
	GlobalSection(ProjectConfigurationPlatforms) = postSolution
		{798C56C5-BFAE-4BF9-B421-C03D1907E632}.Debug|Any CPU.ActiveCfg = Debug|Any CPU
		{798C56C5-BFAE-4BF9-B421-C03D1907E632}.Debug|Any CPU.Build.0 = Debug|Any CPU
		{798C56C5-BFAE-4BF9-B421-C03D1907E632}.Release|Any CPU.ActiveCfg = Release|Any CPU
		{798C56C5-BFAE-4BF9-B421-C03D1907E632}.Release|Any CPU.Build.0 = Release|Any CPU
	EndGlobalSection
	GlobalSection(SolutionProperties) = preSolution
		HideSolutionNode = FALSE
	EndGlobalSection
	GlobalSection(ExtensibilityGlobals) = postSolution
		SolutionGuid = {91E326F6-D4D7-4A9E-8EB1-A6226FA5DF3F}
	EndGlobalSection
EndGlobal
